
Microsoft Visual Studio Solution File, Format Version 12.00
# Visual Studio Version 17
VisualStudioVersion = 17.5.33502.453
MinimumVisualStudioVersion = 10.0.40219.1
Project("{2150E333-8FDC-42A3-9474-1A3956D46DE8}") = "Libraries", "Libraries", "{B993EA9D-1AE7-4A8E-BB46-7B585989A44A}"
EndProject
Project("{9A19103F-16F7-4668-BE54-9A1E7A4F7556}") = "AllPhi.Domain", "Libraries\EmpAPI1.Domain\AllPhi.Domain.csproj", "{27F6F3B8-87CE-4C07-ADF0-CD1EBE2A7330}"
EndProject
Project("{9A19103F-16F7-4668-BE54-9A1E7A4F7556}") = "AllPhi.Infrastructure", "Libraries\EmpAPI1.Infrastructure\AllPhi.Infrastructure.csproj", "{78EA44BB-9B40-4268-8158-05C63E7C0752}"
EndProject
Project("{2150E333-8FDC-42A3-9474-1A3956D46DE8}") = "Apps", "Apps", "{6AE6ED54-1688-4C60-8C1A-21801D60E41B}"
EndProject
Project("{9A19103F-16F7-4668-BE54-9A1E7A4F7556}") = "EngrafiTests", "EmpAPI1Tests\EngrafiTests.csproj", "{C07B8CB9-C7BF-42B0-A42B-FE24E7A44735}"
EndProject
Project("{2150E333-8FDC-42A3-9474-1A3956D46DE8}") = "Database", "Database", "{D39F3199-CD0E-409C-9F53-69B2675290B9}"
	ProjectSection(SolutionItems) = preProject
		Database\Allphidb.sql.txt = Database\Allphidb.sql.txt
	EndProjectSection
EndProject
Project("{2150E333-8FDC-42A3-9474-1A3956D46DE8}") = "Solution Items", "Solution Items", "{44A3B27A-ECA2-4917-9F21-C4C983232D7F}"
	ProjectSection(SolutionItems) = preProject
		README.md = README.md
	EndProjectSection
EndProject
Project("{9A19103F-16F7-4668-BE54-9A1E7A4F7556}") = "AllPhi.REST", "Libraries\AllPhi.REST\AllPhi.REST.csproj", "{EBD0DFCE-4A8B-4778-8654-F282364D0B2E}"
EndProject
Project("{9A19103F-16F7-4668-BE54-9A1E7A4F7556}") = "API.app", "Apps\API.App\API.app.csproj", "{FEDF2B40-DD4D-44CD-87F7-94A3009E74EF}"
EndProject
Global
	GlobalSection(SolutionConfigurationPlatforms) = preSolution
		Debug|Any CPU = Debug|Any CPU
		Release|Any CPU = Release|Any CPU
	EndGlobalSection
	GlobalSection(ProjectConfigurationPlatforms) = postSolution
		{27F6F3B8-87CE-4C07-ADF0-CD1EBE2A7330}.Debug|Any CPU.ActiveCfg = Debug|Any CPU
		{27F6F3B8-87CE-4C07-ADF0-CD1EBE2A7330}.Debug|Any CPU.Build.0 = Debug|Any CPU
		{27F6F3B8-87CE-4C07-ADF0-CD1EBE2A7330}.Release|Any CPU.ActiveCfg = Release|Any CPU
		{27F6F3B8-87CE-4C07-ADF0-CD1EBE2A7330}.Release|Any CPU.Build.0 = Release|Any CPU
		{78EA44BB-9B40-4268-8158-05C63E7C0752}.Debug|Any CPU.ActiveCfg = Debug|Any CPU
		{78EA44BB-9B40-4268-8158-05C63E7C0752}.Debug|Any CPU.Build.0 = Debug|Any CPU
		{78EA44BB-9B40-4268-8158-05C63E7C0752}.Release|Any CPU.ActiveCfg = Release|Any CPU
		{78EA44BB-9B40-4268-8158-05C63E7C0752}.Release|Any CPU.Build.0 = Release|Any CPU
		{C07B8CB9-C7BF-42B0-A42B-FE24E7A44735}.Debug|Any CPU.ActiveCfg = Debug|Any CPU
		{C07B8CB9-C7BF-42B0-A42B-FE24E7A44735}.Debug|Any CPU.Build.0 = Debug|Any CPU
		{C07B8CB9-C7BF-42B0-A42B-FE24E7A44735}.Release|Any CPU.ActiveCfg = Release|Any CPU
		{C07B8CB9-C7BF-42B0-A42B-FE24E7A44735}.Release|Any CPU.Build.0 = Release|Any CPU
		{EBD0DFCE-4A8B-4778-8654-F282364D0B2E}.Debug|Any CPU.ActiveCfg = Debug|Any CPU
		{EBD0DFCE-4A8B-4778-8654-F282364D0B2E}.Debug|Any CPU.Build.0 = Debug|Any CPU
		{EBD0DFCE-4A8B-4778-8654-F282364D0B2E}.Release|Any CPU.ActiveCfg = Release|Any CPU
		{EBD0DFCE-4A8B-4778-8654-F282364D0B2E}.Release|Any CPU.Build.0 = Release|Any CPU
		{FEDF2B40-DD4D-44CD-87F7-94A3009E74EF}.Debug|Any CPU.ActiveCfg = Debug|Any CPU
		{FEDF2B40-DD4D-44CD-87F7-94A3009E74EF}.Debug|Any CPU.Build.0 = Debug|Any CPU
		{FEDF2B40-DD4D-44CD-87F7-94A3009E74EF}.Release|Any CPU.ActiveCfg = Release|Any CPU
		{FEDF2B40-DD4D-44CD-87F7-94A3009E74EF}.Release|Any CPU.Build.0 = Release|Any CPU
	EndGlobalSection
	GlobalSection(SolutionProperties) = preSolution
		HideSolutionNode = FALSE
	EndGlobalSection
	GlobalSection(NestedProjects) = preSolution
		{27F6F3B8-87CE-4C07-ADF0-CD1EBE2A7330} = {B993EA9D-1AE7-4A8E-BB46-7B585989A44A}
		{78EA44BB-9B40-4268-8158-05C63E7C0752} = {B993EA9D-1AE7-4A8E-BB46-7B585989A44A}
		{EBD0DFCE-4A8B-4778-8654-F282364D0B2E} = {B993EA9D-1AE7-4A8E-BB46-7B585989A44A}
		{FEDF2B40-DD4D-44CD-87F7-94A3009E74EF} = {6AE6ED54-1688-4C60-8C1A-21801D60E41B}
	EndGlobalSection
	GlobalSection(ExtensibilityGlobals) = postSolution
		SolutionGuid = {01FFA135-4955-414B-A9B0-C5E0E442E14E}
	EndGlobalSection
EndGlobal
